
Microsoft Visual Studio Solution File, Format Version 12.00
# Visual Studio Version 17
VisualStudioVersion = 17.8.34408.163
MinimumVisualStudioVersion = 10.0.40219.1
Project("{FAE04EC0-301F-11D3-BF4B-00C04F79EFBC}") = "ThreadRace", "ThreadRace.csproj", "{446C74A0-BF66-46DD-AB7C-622D7C194EE2}"
EndProject
Global
	GlobalSection(SolutionConfigurationPlatforms) = preSolution
		Debug|Any CPU = Debug|Any CPU
		Release|Any CPU = Release|Any CPU
	EndGlobalSection
	GlobalSection(ProjectConfigurationPlatforms) = postSolution
		{446C74A0-BF66-46DD-AB7C-622D7C194EE2}.Debug|Any CPU.ActiveCfg = Debug|Any CPU
		{446C74A0-BF66-46DD-AB7C-622D7C194EE2}.Debug|Any CPU.Build.0 = Debug|Any CPU
		{446C74A0-BF66-46DD-AB7C-622D7C194EE2}.Release|Any CPU.ActiveCfg = Release|Any CPU
		{446C74A0-BF66-46DD-AB7C-622D7C194EE2}.Release|Any CPU.Build.0 = Release|Any CPU
	EndGlobalSection
	GlobalSection(SolutionProperties) = preSolution
		HideSolutionNode = FALSE
	EndGlobalSection
	GlobalSection(ExtensibilityGlobals) = postSolution
		SolutionGuid = {57BBD573-0B08-4688-A145-A6DCB4751031}
	EndGlobalSection
EndGlobal
